
Microsoft Visual Studio Solution File, Format Version 12.00
# Visual Studio 14
VisualStudioVersion = 14.0.25420.1
MinimumVisualStudioVersion = 10.0.40219.1
Project("{FAE04EC0-301F-11D3-BF4B-00C04F79EFBC}") = "ChatServer", "ChatServer\ChatServer.csproj", "{23AD6EB0-58D0-49B8-8690-7E2C86489E20}"
EndProject
Project("{FAE04EC0-301F-11D3-BF4B-00C04F79EFBC}") = "ChatServer.Tests", "ChatServer.Tests\ChatServer.Tests.csproj", "{538AD197-DDE5-476D-8377-D8DCB079EDDB}"
EndProject
Global
	GlobalSection(SolutionConfigurationPlatforms) = preSolution
		Debug|Any CPU = Debug|Any CPU
		Release|Any CPU = Release|Any CPU
	EndGlobalSection
	GlobalSection(ProjectConfigurationPlatforms) = postSolution
		{23AD6EB0-58D0-49B8-8690-7E2C86489E20}.Debug|Any CPU.ActiveCfg = Debug|Any CPU
		{23AD6EB0-58D0-49B8-8690-7E2C86489E20}.Debug|Any CPU.Build.0 = Debug|Any CPU
		{23AD6EB0-58D0-49B8-8690-7E2C86489E20}.Release|Any CPU.ActiveCfg = Release|Any CPU
		{23AD6EB0-58D0-49B8-8690-7E2C86489E20}.Release|Any CPU.Build.0 = Release|Any CPU
		{538AD197-DDE5-476D-8377-D8DCB079EDDB}.Debug|Any CPU.ActiveCfg = Debug|Any CPU
		{538AD197-DDE5-476D-8377-D8DCB079EDDB}.Debug|Any CPU.Build.0 = Debug|Any CPU
		{538AD197-DDE5-476D-8377-D8DCB079EDDB}.Release|Any CPU.ActiveCfg = Release|Any CPU
		{538AD197-DDE5-476D-8377-D8DCB079EDDB}.Release|Any CPU.Build.0 = Release|Any CPU
	EndGlobalSection
	GlobalSection(SolutionProperties) = preSolution
		HideSolutionNode = FALSE
	EndGlobalSection
EndGlobal
